{
  "version": 4,
  "terraform_version": "1.10.5",
  "serial": 3,
  "lineage": "a45a4fad-9558-63e9-3941-90c6b0b816fd",
  "outputs": {},
  "resources": [
    {
      "module": "module.rg_module",
      "mode": "managed",
      "type": "azurerm_resource_group",
      "name": "rg1",
      "provider": "provider[\"registry.terraform.io/hashicorp/azurerm\"]",
      "instances": [
        {
          "index_key": "rg_devops_dev_003",
          "schema_version": 0,
          "attributes": {
            "id": "/subscriptions/a92ee373-1fdf-4e72-969b-ce56aa9bffc0/resourceGroups/rg-devops-prod-003",
            "location": "centralindia",
            "managed_by": "",
            "name": "rg-devops-prod-003",
            "tags": null,
            "timeouts": null
          },
          "sensitive_attributes": [],
          "private": "eyJlMmJmYjczMC1lY2FhLTExZTYtOGY4OC0zNDM2M2JjN2M0YzAiOnsiY3JlYXRlIjo1NDAwMDAwMDAwMDAwLCJkZWxldGUiOjU0MDAwMDAwMDAwMDAsInJlYWQiOjMwMDAwMDAwMDAwMCwidXBkYXRlIjo1NDAwMDAwMDAwMDAwfX0="
        }
      ]
    }
  ],
  "check_results": null
}
